
Microsoft Visual Studio Solution File, Format Version 12.00
# Visual Studio 14
VisualStudioVersion = 14.0.24720.0
MinimumVisualStudioVersion = 10.0.40219.1
Project("{FAE04EC0-301F-11D3-BF4B-00C04F79EFBC}") = "SearchListXam.Droid", "SearchListXam\SearchListXam.Droid\SearchListXam.Droid.csproj", "{DAC477D7-8E63-402C-B9E3-410463CFED6A}"
EndProject
Project("{FAE04EC0-301F-11D3-BF4B-00C04F79EFBC}") = "SearchListXam.iOS", "SearchListXam\SearchListXam.iOS\SearchListXam.iOS.csproj", "{D143BF81-1A4C-460F-9DA4-66A3149225C2}"
EndProject
Project("{FAE04EC0-301F-11D3-BF4B-00C04F79EFBC}") = "SearchListXam.WinPhone", "SearchListXam\SearchListXam.WinPhone\SearchListXam.WinPhone.csproj", "{7AC0D75A-634A-4A2F-8891-B26847E30695}"
EndProject
Project("{FAE04EC0-301F-11D3-BF4B-00C04F79EFBC}") = "SearchListXam.UWP", "SearchListXam\SearchListXam.UWP\SearchListXam.UWP.csproj", "{9F1D7703-54AD-45C5-8B9A-2C7E615DEBCB}"
EndProject
Project("{FAE04EC0-301F-11D3-BF4B-00C04F79EFBC}") = "SearchListXam.Windows", "SearchListXam\SearchListXam.Windows\SearchListXam.Windows.csproj", "{A0DFCB41-6474-4C42-9D6D-80EDD3ACAB4B}"
EndProject
Project("{FAE04EC0-301F-11D3-BF4B-00C04F79EFBC}") = "SearchListXam", "SearchListXam\SearchListXam\SearchListXam.csproj", "{3F5D2FDA-111C-4216-A131-72A9A03FACCC}"
EndProject
Global
	GlobalSection(SolutionConfigurationPlatforms) = preSolution
		Ad-Hoc|Any CPU = Ad-Hoc|Any CPU
		Ad-Hoc|ARM = Ad-Hoc|ARM
		Ad-Hoc|iPhone = Ad-Hoc|iPhone
		Ad-Hoc|iPhoneSimulator = Ad-Hoc|iPhoneSimulator
		Ad-Hoc|x64 = Ad-Hoc|x64
		Ad-Hoc|x86 = Ad-Hoc|x86
		AppStore|Any CPU = AppStore|Any CPU
		AppStore|ARM = AppStore|ARM
		AppStore|iPhone = AppStore|iPhone
		AppStore|iPhoneSimulator = AppStore|iPhoneSimulator
		AppStore|x64 = AppStore|x64
		AppStore|x86 = AppStore|x86
		Debug|Any CPU = Debug|Any CPU
		Debug|ARM = Debug|ARM
		Debug|iPhone = Debug|iPhone
		Debug|iPhoneSimulator = Debug|iPhoneSimulator
		Debug|x64 = Debug|x64
		Debug|x86 = Debug|x86
		Release|Any CPU = Release|Any CPU
		Release|ARM = Release|ARM
		Release|iPhone = Release|iPhone
		Release|iPhoneSimulator = Release|iPhoneSimulator
		Release|x64 = Release|x64
		Release|x86 = Release|x86
	EndGlobalSection
	GlobalSection(ProjectConfigurationPlatforms) = postSolution
		{DAC477D7-8E63-402C-B9E3-410463CFED6A}.Ad-Hoc|Any CPU.ActiveCfg = Release|Any CPU
		{DAC477D7-8E63-402C-B9E3-410463CFED6A}.Ad-Hoc|Any CPU.Build.0 = Release|Any CPU
		{DAC477D7-8E63-402C-B9E3-410463CFED6A}.Ad-Hoc|Any CPU.Deploy.0 = Release|Any CPU
		{DAC477D7-8E63-402C-B9E3-410463CFED6A}.Ad-Hoc|ARM.ActiveCfg = Release|Any CPU
		{DAC477D7-8E63-402C-B9E3-410463CFED6A}.Ad-Hoc|ARM.Build.0 = Release|Any CPU
		{DAC477D7-8E63-402C-B9E3-410463CFED6A}.Ad-Hoc|ARM.Deploy.0 = Release|Any CPU
		{DAC477D7-8E63-402C-B9E3-410463CFED6A}.Ad-Hoc|iPhone.ActiveCfg = Release|Any CPU
		{DAC477D7-8E63-402C-B9E3-410463CFED6A}.Ad-Hoc|iPhone.Build.0 = Release|Any CPU
		{DAC477D7-8E63-402C-B9E3-410463CFED6A}.Ad-Hoc|iPhone.Deploy.0 = Release|Any CPU
		{DAC477D7-8E63-402C-B9E3-410463CFED6A}.Ad-Hoc|iPhoneSimulator.ActiveCfg = Release|Any CPU
		{DAC477D7-8E63-402C-B9E3-410463CFED6A}.Ad-Hoc|iPhoneSimulator.Build.0 = Release|Any CPU
		{DAC477D7-8E63-402C-B9E3-410463CFED6A}.Ad-Hoc|iPhoneSimulator.Deploy.0 = Release|Any CPU
		{DAC477D7-8E63-402C-B9E3-410463CFED6A}.Ad-Hoc|x64.ActiveCfg = Release|Any CPU
		{DAC477D7-8E63-402C-B9E3-410463CFED6A}.Ad-Hoc|x64.Build.0 = Release|Any CPU
		{DAC477D7-8E63-402C-B9E3-410463CFED6A}.Ad-Hoc|x64.Deploy.0 = Release|Any CPU
		{DAC477D7-8E63-402C-B9E3-410463CFED6A}.Ad-Hoc|x86.ActiveCfg = Release|Any CPU
		{DAC477D7-8E63-402C-B9E3-410463CFED6A}.Ad-Hoc|x86.Build.0 = Release|Any CPU
		{DAC477D7-8E63-402C-B9E3-410463CFED6A}.Ad-Hoc|x86.Deploy.0 = Release|Any CPU
		{DAC477D7-8E63-402C-B9E3-410463CFED6A}.AppStore|Any CPU.ActiveCfg = Release|Any CPU
		{DAC477D7-8E63-402C-B9E3-410463CFED6A}.AppStore|Any CPU.Build.0 = Release|Any CPU
		{DAC477D7-8E63-402C-B9E3-410463CFED6A}.AppStore|Any CPU.Deploy.0 = Release|Any CPU
		{DAC477D7-8E63-402C-B9E3-410463CFED6A}.AppStore|ARM.ActiveCfg = Release|Any CPU
		{DAC477D7-8E63-402C-B9E3-410463CFED6A}.AppStore|ARM.Build.0 = Release|Any CPU
		{DAC477D7-8E63-402C-B9E3-410463CFED6A}.AppStore|ARM.Deploy.0 = Release|Any CPU
		{DAC477D7-8E63-402C-B9E3-410463CFED6A}.AppStore|iPhone.ActiveCfg = Release|Any CPU
		{DAC477D7-8E63-402C-B9E3-410463CFED6A}.AppStore|iPhone.Build.0 = Release|Any CPU
		{DAC477D7-8E63-402C-B9E3-410463CFED6A}.AppStore|iPhone.Deploy.0 = Release|Any CPU
		{DAC477D7-8E63-402C-B9E3-410463CFED6A}.AppStore|iPhoneSimulator.ActiveCfg = Release|Any CPU
		{DAC477D7-8E63-402C-B9E3-410463CFED6A}.AppStore|iPhoneSimulator.Build.0 = Release|Any CPU
		{DAC477D7-8E63-402C-B9E3-410463CFED6A}.AppStore|iPhoneSimulator.Deploy.0 = Release|Any CPU
		{DAC477D7-8E63-402C-B9E3-410463CFED6A}.AppStore|x64.ActiveCfg = Release|Any CPU
		{DAC477D7-8E63-402C-B9E3-410463CFED6A}.AppStore|x64.Build.0 = Release|Any CPU
		{DAC477D7-8E63-402C-B9E3-410463CFED6A}.AppStore|x64.Deploy.0 = Release|Any CPU
		{DAC477D7-8E63-402C-B9E3-410463CFED6A}.AppStore|x86.ActiveCfg = Release|Any CPU
		{DAC477D7-8E63-402C-B9E3-410463CFED6A}.AppStore|x86.Build.0 = Release|Any CPU
		{DAC477D7-8E63-402C-B9E3-410463CFED6A}.AppStore|x86.Deploy.0 = Release|Any CPU
		{DAC477D7-8E63-402C-B9E3-410463CFED6A}.Debug|Any CPU.ActiveCfg = Debug|Any CPU
		{DAC477D7-8E63-402C-B9E3-410463CFED6A}.Debug|Any CPU.Build.0 = Debug|Any CPU
		{DAC477D7-8E63-402C-B9E3-410463CFED6A}.Debug|Any CPU.Deploy.0 = Debug|Any CPU
		{DAC477D7-8E63-402C-B9E3-410463CFED6A}.Debug|ARM.ActiveCfg = Debug|Any CPU
		{DAC477D7-8E63-402C-B9E3-410463CFED6A}.Debug|ARM.Build.0 = Debug|Any CPU
		{DAC477D7-8E63-402C-B9E3-410463CFED6A}.Debug|ARM.Deploy.0 = Debug|Any CPU
		{DAC477D7-8E63-402C-B9E3-410463CFED6A}.Debug|iPhone.ActiveCfg = Debug|Any CPU
		{DAC477D7-8E63-402C-B9E3-410463CFED6A}.Debug|iPhone.Build.0 = Debug|Any CPU
		{DAC477D7-8E63-402C-B9E3-410463CFED6A}.Debug|iPhone.Deploy.0 = Debug|Any CPU
		{DAC477D7-8E63-402C-B9E3-410463CFED6A}.Debug|iPhoneSimulator.ActiveCfg = Debug|Any CPU
		{DAC477D7-8E63-402C-B9E3-410463CFED6A}.Debug|iPhoneSimulator.Build.0 = Debug|Any CPU
		{DAC477D7-8E63-402C-B9E3-410463CFED6A}.Debug|iPhoneSimulator.Deploy.0 = Debug|Any CPU
		{DAC477D7-8E63-402C-B9E3-410463CFED6A}.Debug|x64.ActiveCfg = Debug|Any CPU
		{DAC477D7-8E63-402C-B9E3-410463CFED6A}.Debug|x64.Build.0 = Debug|Any CPU
		{DAC477D7-8E63-402C-B9E3-410463CFED6A}.Debug|x64.Deploy.0 = Debug|Any CPU
		{DAC477D7-8E63-402C-B9E3-410463CFED6A}.Debug|x86.ActiveCfg = Debug|Any CPU
		{DAC477D7-8E63-402C-B9E3-410463CFED6A}.Debug|x86.Build.0 = Debug|Any CPU
		{DAC477D7-8E63-402C-B9E3-410463CFED6A}.Debug|x86.Deploy.0 = Debug|Any CPU
		{DAC477D7-8E63-402C-B9E3-410463CFED6A}.Release|Any CPU.ActiveCfg = Release|Any CPU
		{DAC477D7-8E63-402C-B9E3-410463CFED6A}.Release|Any CPU.Build.0 = Release|Any CPU
		{DAC477D7-8E63-402C-B9E3-410463CFED6A}.Release|Any CPU.Deploy.0 = Release|Any CPU
		{DAC477D7-8E63-402C-B9E3-410463CFED6A}.Release|ARM.ActiveCfg = Release|Any CPU
		{DAC477D7-8E63-402C-B9E3-410463CFED6A}.Release|ARM.Build.0 = Release|Any CPU
		{DAC477D7-8E63-402C-B9E3-410463CFED6A}.Release|ARM.Deploy.0 = Release|Any CPU
		{DAC477D7-8E63-402C-B9E3-410463CFED6A}.Release|iPhone.ActiveCfg = Release|Any CPU
		{DAC477D7-8E63-402C-B9E3-410463CFED6A}.Release|iPhone.Build.0 = Release|Any CPU
		{DAC477D7-8E63-402C-B9E3-410463CFED6A}.Release|iPhone.Deploy.0 = Release|Any CPU
		{DAC477D7-8E63-402C-B9E3-410463CFED6A}.Release|iPhoneSimulator.ActiveCfg = Release|Any CPU
		{DAC477D7-8E63-402C-B9E3-410463CFED6A}.Release|iPhoneSimulator.Build.0 = Release|Any CPU
		{DAC477D7-8E63-402C-B9E3-410463CFED6A}.Release|iPhoneSimulator.Deploy.0 = Release|Any CPU
		{DAC477D7-8E63-402C-B9E3-410463CFED6A}.Release|x64.ActiveCfg = Release|Any CPU
		{DAC477D7-8E63-402C-B9E3-410463CFED6A}.Release|x64.Build.0 = Release|Any CPU
		{DAC477D7-8E63-402C-B9E3-410463CFED6A}.Release|x64.Deploy.0 = Release|Any CPU
		{DAC477D7-8E63-402C-B9E3-410463CFED6A}.Release|x86.ActiveCfg = Release|Any CPU
		{DAC477D7-8E63-402C-B9E3-410463CFED6A}.Release|x86.Build.0 = Release|Any CPU
		{DAC477D7-8E63-402C-B9E3-410463CFED6A}.Release|x86.Deploy.0 = Release|Any CPU
		{D143BF81-1A4C-460F-9DA4-66A3149225C2}.Ad-Hoc|Any CPU.ActiveCfg = Ad-Hoc|iPhone
		{D143BF81-1A4C-460F-9DA4-66A3149225C2}.Ad-Hoc|ARM.ActiveCfg = Ad-Hoc|iPhone
		{D143BF81-1A4C-460F-9DA4-66A3149225C2}.Ad-Hoc|iPhone.ActiveCfg = Ad-Hoc|iPhone
		{D143BF81-1A4C-460F-9DA4-66A3149225C2}.Ad-Hoc|iPhone.Build.0 = Ad-Hoc|iPhone
		{D143BF81-1A4C-460F-9DA4-66A3149225C2}.Ad-Hoc|iPhoneSimulator.ActiveCfg = Ad-Hoc|iPhoneSimulator
		{D143BF81-1A4C-460F-9DA4-66A3149225C2}.Ad-Hoc|iPhoneSimulator.Build.0 = Ad-Hoc|iPhoneSimulator
		{D143BF81-1A4C-460F-9DA4-66A3149225C2}.Ad-Hoc|x64.ActiveCfg = Ad-Hoc|iPhone
		{D143BF81-1A4C-460F-9DA4-66A3149225C2}.Ad-Hoc|x86.ActiveCfg = Ad-Hoc|iPhone
		{D143BF81-1A4C-460F-9DA4-66A3149225C2}.AppStore|Any CPU.ActiveCfg = AppStore|iPhone
		{D143BF81-1A4C-460F-9DA4-66A3149225C2}.AppStore|ARM.ActiveCfg = AppStore|iPhone
		{D143BF81-1A4C-460F-9DA4-66A3149225C2}.AppStore|iPhone.ActiveCfg = AppStore|iPhone
		{D143BF81-1A4C-460F-9DA4-66A3149225C2}.AppStore|iPhone.Build.0 = AppStore|iPhone
		{D143BF81-1A4C-460F-9DA4-66A3149225C2}.AppStore|iPhoneSimulator.ActiveCfg = AppStore|iPhoneSimulator
		{D143BF81-1A4C-460F-9DA4-66A3149225C2}.AppStore|iPhoneSimulator.Build.0 = AppStore|iPhoneSimulator
		{D143BF81-1A4C-460F-9DA4-66A3149225C2}.AppStore|x64.ActiveCfg = AppStore|iPhone
		{D143BF81-1A4C-460F-9DA4-66A3149225C2}.AppStore|x86.ActiveCfg = AppStore|iPhone
		{D143BF81-1A4C-460F-9DA4-66A3149225C2}.Debug|Any CPU.ActiveCfg = Debug|iPhone
		{D143BF81-1A4C-460F-9DA4-66A3149225C2}.Debug|ARM.ActiveCfg = Debug|iPhone
		{D143BF81-1A4C-460F-9DA4-66A3149225C2}.Debug|iPhone.ActiveCfg = Debug|iPhone
		{D143BF81-1A4C-460F-9DA4-66A3149225C2}.Debug|iPhone.Build.0 = Debug|iPhone
		{D143BF81-1A4C-460F-9DA4-66A3149225C2}.Debug|iPhoneSimulator.ActiveCfg = Debug|iPhoneSimulator
		{D143BF81-1A4C-460F-9DA4-66A3149225C2}.Debug|iPhoneSimulator.Build.0 = Debug|iPhoneSimulator
		{D143BF81-1A4C-460F-9DA4-66A3149225C2}.Debug|x64.ActiveCfg = Debug|iPhone
		{D143BF81-1A4C-460F-9DA4-66A3149225C2}.Debug|x86.ActiveCfg = Debug|iPhone
		{D143BF81-1A4C-460F-9DA4-66A3149225C2}.Release|Any CPU.ActiveCfg = Release|iPhone
		{D143BF81-1A4C-460F-9DA4-66A3149225C2}.Release|ARM.ActiveCfg = Release|iPhone
		{D143BF81-1A4C-460F-9DA4-66A3149225C2}.Release|iPhone.ActiveCfg = Release|iPhone
		{D143BF81-1A4C-460F-9DA4-66A3149225C2}.Release|iPhone.Build.0 = Release|iPhone
		{D143BF81-1A4C-460F-9DA4-66A3149225C2}.Release|iPhoneSimulator.ActiveCfg = Release|iPhoneSimulator
		{D143BF81-1A4C-460F-9DA4-66A3149225C2}.Release|iPhoneSimulator.Build.0 = Release|iPhoneSimulator
		{D143BF81-1A4C-460F-9DA4-66A3149225C2}.Release|x64.ActiveCfg = Release|iPhone
		{D143BF81-1A4C-460F-9DA4-66A3149225C2}.Release|x86.ActiveCfg = Release|iPhone
		{7AC0D75A-634A-4A2F-8891-B26847E30695}.Ad-Hoc|Any CPU.ActiveCfg = Release|Any CPU
		{7AC0D75A-634A-4A2F-8891-B26847E30695}.Ad-Hoc|Any CPU.Build.0 = Release|Any CPU
		{7AC0D75A-634A-4A2F-8891-B26847E30695}.Ad-Hoc|Any CPU.Deploy.0 = Release|Any CPU
		{7AC0D75A-634A-4A2F-8891-B26847E30695}.Ad-Hoc|ARM.ActiveCfg = Release|ARM
		{7AC0D75A-634A-4A2F-8891-B26847E30695}.Ad-Hoc|ARM.Build.0 = Release|ARM
		{7AC0D75A-634A-4A2F-8891-B26847E30695}.Ad-Hoc|ARM.Deploy.0 = Release|ARM
		{7AC0D75A-634A-4A2F-8891-B26847E30695}.Ad-Hoc|iPhone.ActiveCfg = Release|Any CPU
		{7AC0D75A-634A-4A2F-8891-B26847E30695}.Ad-Hoc|iPhone.Build.0 = Release|Any CPU
		{7AC0D75A-634A-4A2F-8891-B26847E30695}.Ad-Hoc|iPhone.Deploy.0 = Release|Any CPU
		{7AC0D75A-634A-4A2F-8891-B26847E30695}.Ad-Hoc|iPhoneSimulator.ActiveCfg = Release|Any CPU
		{7AC0D75A-634A-4A2F-8891-B26847E30695}.Ad-Hoc|iPhoneSimulator.Build.0 = Release|Any CPU
		{7AC0D75A-634A-4A2F-8891-B26847E30695}.Ad-Hoc|iPhoneSimulator.Deploy.0 = Release|Any CPU
		{7AC0D75A-634A-4A2F-8891-B26847E30695}.Ad-Hoc|x64.ActiveCfg = Release|Any CPU
		{7AC0D75A-634A-4A2F-8891-B26847E30695}.Ad-Hoc|x64.Build.0 = Release|Any CPU
		{7AC0D75A-634A-4A2F-8891-B26847E30695}.Ad-Hoc|x64.Deploy.0 = Release|Any CPU
		{7AC0D75A-634A-4A2F-8891-B26847E30695}.Ad-Hoc|x86.ActiveCfg = Release|x86
		{7AC0D75A-634A-4A2F-8891-B26847E30695}.Ad-Hoc|x86.Build.0 = Release|x86
		{7AC0D75A-634A-4A2F-8891-B26847E30695}.Ad-Hoc|x86.Deploy.0 = Release|x86
		{7AC0D75A-634A-4A2F-8891-B26847E30695}.AppStore|Any CPU.ActiveCfg = Release|Any CPU
		{7AC0D75A-634A-4A2F-8891-B26847E30695}.AppStore|Any CPU.Build.0 = Release|Any CPU
		{7AC0D75A-634A-4A2F-8891-B26847E30695}.AppStore|Any CPU.Deploy.0 = Release|Any CPU
		{7AC0D75A-634A-4A2F-8891-B26847E30695}.AppStore|ARM.ActiveCfg = Release|ARM
		{7AC0D75A-634A-4A2F-8891-B26847E30695}.AppStore|ARM.Build.0 = Release|ARM
		{7AC0D75A-634A-4A2F-8891-B26847E30695}.AppStore|ARM.Deploy.0 = Release|ARM
		{7AC0D75A-634A-4A2F-8891-B26847E30695}.AppStore|iPhone.ActiveCfg = Release|Any CPU
		{7AC0D75A-634A-4A2F-8891-B26847E30695}.AppStore|iPhone.Build.0 = Release|Any CPU
		{7AC0D75A-634A-4A2F-8891-B26847E30695}.AppStore|iPhone.Deploy.0 = Release|Any CPU
		{7AC0D75A-634A-4A2F-8891-B26847E30695}.AppStore|iPhoneSimulator.ActiveCfg = Release|Any CPU
		{7AC0D75A-634A-4A2F-8891-B26847E30695}.AppStore|iPhoneSimulator.Build.0 = Release|Any CPU
		{7AC0D75A-634A-4A2F-8891-B26847E30695}.AppStore|iPhoneSimulator.Deploy.0 = Release|Any CPU
		{7AC0D75A-634A-4A2F-8891-B26847E30695}.AppStore|x64.ActiveCfg = Release|Any CPU
		{7AC0D75A-634A-4A2F-8891-B26847E30695}.AppStore|x64.Build.0 = Release|Any CPU
		{7AC0D75A-634A-4A2F-8891-B26847E30695}.AppStore|x64.Deploy.0 = Release|Any CPU
		{7AC0D75A-634A-4A2F-8891-B26847E30695}.AppStore|x86.ActiveCfg = Release|x86
		{7AC0D75A-634A-4A2F-8891-B26847E30695}.AppStore|x86.Build.0 = Release|x86
		{7AC0D75A-634A-4A2F-8891-B26847E30695}.AppStore|x86.Deploy.0 = Release|x86
		{7AC0D75A-634A-4A2F-8891-B26847E30695}.Debug|Any CPU.ActiveCfg = Debug|Any CPU
		{7AC0D75A-634A-4A2F-8891-B26847E30695}.Debug|Any CPU.Build.0 = Debug|Any CPU
		{7AC0D75A-634A-4A2F-8891-B26847E30695}.Debug|Any CPU.Deploy.0 = Debug|Any CPU
		{7AC0D75A-634A-4A2F-8891-B26847E30695}.Debug|ARM.ActiveCfg = Debug|ARM
		{7AC0D75A-634A-4A2F-8891-B26847E30695}.Debug|ARM.Build.0 = Debug|ARM
		{7AC0D75A-634A-4A2F-8891-B26847E30695}.Debug|ARM.Deploy.0 = Debug|ARM
		{7AC0D75A-634A-4A2F-8891-B26847E30695}.Debug|iPhone.ActiveCfg = Debug|Any CPU
		{7AC0D75A-634A-4A2F-8891-B26847E30695}.Debug|iPhone.Build.0 = Debug|Any CPU
		{7AC0D75A-634A-4A2F-8891-B26847E30695}.Debug|iPhone.Deploy.0 = Debug|Any CPU
		{7AC0D75A-634A-4A2F-8891-B26847E30695}.Debug|iPhoneSimulator.ActiveCfg = Debug|Any CPU
		{7AC0D75A-634A-4A2F-8891-B26847E30695}.Debug|iPhoneSimulator.Build.0 = Debug|Any CPU
		{7AC0D75A-634A-4A2F-8891-B26847E30695}.Debug|iPhoneSimulator.Deploy.0 = Debug|Any CPU
		{7AC0D75A-634A-4A2F-8891-B26847E30695}.Debug|x64.ActiveCfg = Debug|Any CPU
		{7AC0D75A-634A-4A2F-8891-B26847E30695}.Debug|x64.Build.0 = Debug|Any CPU
		{7AC0D75A-634A-4A2F-8891-B26847E30695}.Debug|x64.Deploy.0 = Debug|Any CPU
		{7AC0D75A-634A-4A2F-8891-B26847E30695}.Debug|x86.ActiveCfg = Debug|x86
		{7AC0D75A-634A-4A2F-8891-B26847E30695}.Debug|x86.Build.0 = Debug|x86
		{7AC0D75A-634A-4A2F-8891-B26847E30695}.Debug|x86.Deploy.0 = Debug|x86
		{7AC0D75A-634A-4A2F-8891-B26847E30695}.Release|Any CPU.ActiveCfg = Release|Any CPU
		{7AC0D75A-634A-4A2F-8891-B26847E30695}.Release|Any CPU.Build.0 = Release|Any CPU
		{7AC0D75A-634A-4A2F-8891-B26847E30695}.Release|Any CPU.Deploy.0 = Release|Any CPU
		{7AC0D75A-634A-4A2F-8891-B26847E30695}.Release|ARM.ActiveCfg = Release|ARM
		{7AC0D75A-634A-4A2F-8891-B26847E30695}.Release|ARM.Build.0 = Release|ARM
		{7AC0D75A-634A-4A2F-8891-B26847E30695}.Release|ARM.Deploy.0 = Release|ARM
		{7AC0D75A-634A-4A2F-8891-B26847E30695}.Release|iPhone.ActiveCfg = Release|Any CPU
		{7AC0D75A-634A-4A2F-8891-B26847E30695}.Release|iPhone.Build.0 = Release|Any CPU
		{7AC0D75A-634A-4A2F-8891-B26847E30695}.Release|iPhone.Deploy.0 = Release|Any CPU
		{7AC0D75A-634A-4A2F-8891-B26847E30695}.Release|iPhoneSimulator.ActiveCfg = Release|Any CPU
		{7AC0D75A-634A-4A2F-8891-B26847E30695}.Release|iPhoneSimulator.Build.0 = Release|Any CPU
		{7AC0D75A-634A-4A2F-8891-B26847E30695}.Release|iPhoneSimulator.Deploy.0 = Release|Any CPU
		{7AC0D75A-634A-4A2F-8891-B26847E30695}.Release|x64.ActiveCfg = Release|Any CPU
		{7AC0D75A-634A-4A2F-8891-B26847E30695}.Release|x64.Build.0 = Release|Any CPU
		{7AC0D75A-634A-4A2F-8891-B26847E30695}.Release|x64.Deploy.0 = Release|Any CPU
		{7AC0D75A-634A-4A2F-8891-B26847E30695}.Release|x86.ActiveCfg = Release|x86
		{7AC0D75A-634A-4A2F-8891-B26847E30695}.Release|x86.Build.0 = Release|x86
		{7AC0D75A-634A-4A2F-8891-B26847E30695}.Release|x86.Deploy.0 = Release|x86
		{9F1D7703-54AD-45C5-8B9A-2C7E615DEBCB}.Ad-Hoc|Any CPU.ActiveCfg = Release|x86
		{9F1D7703-54AD-45C5-8B9A-2C7E615DEBCB}.Ad-Hoc|Any CPU.Build.0 = Release|x86
		{9F1D7703-54AD-45C5-8B9A-2C7E615DEBCB}.Ad-Hoc|Any CPU.Deploy.0 = Release|x86
		{9F1D7703-54AD-45C5-8B9A-2C7E615DEBCB}.Ad-Hoc|ARM.ActiveCfg = Release|ARM
		{9F1D7703-54AD-45C5-8B9A-2C7E615DEBCB}.Ad-Hoc|ARM.Build.0 = Release|ARM
		{9F1D7703-54AD-45C5-8B9A-2C7E615DEBCB}.Ad-Hoc|ARM.Deploy.0 = Release|ARM
		{9F1D7703-54AD-45C5-8B9A-2C7E615DEBCB}.Ad-Hoc|iPhone.ActiveCfg = Release|x86
		{9F1D7703-54AD-45C5-8B9A-2C7E615DEBCB}.Ad-Hoc|iPhone.Build.0 = Release|x86
		{9F1D7703-54AD-45C5-8B9A-2C7E615DEBCB}.Ad-Hoc|iPhone.Deploy.0 = Release|x86
		{9F1D7703-54AD-45C5-8B9A-2C7E615DEBCB}.Ad-Hoc|iPhoneSimulator.ActiveCfg = Release|x86
		{9F1D7703-54AD-45C5-8B9A-2C7E615DEBCB}.Ad-Hoc|iPhoneSimulator.Build.0 = Release|x86
		{9F1D7703-54AD-45C5-8B9A-2C7E615DEBCB}.Ad-Hoc|iPhoneSimulator.Deploy.0 = Release|x86
		{9F1D7703-54AD-45C5-8B9A-2C7E615DEBCB}.Ad-Hoc|x64.ActiveCfg = Release|x64
		{9F1D7703-54AD-45C5-8B9A-2C7E615DEBCB}.Ad-Hoc|x64.Build.0 = Release|x64
		{9F1D7703-54AD-45C5-8B9A-2C7E615DEBCB}.Ad-Hoc|x64.Deploy.0 = Release|x64
		{9F1D7703-54AD-45C5-8B9A-2C7E615DEBCB}.Ad-Hoc|x86.ActiveCfg = Release|x86
		{9F1D7703-54AD-45C5-8B9A-2C7E615DEBCB}.Ad-Hoc|x86.Build.0 = Release|x86
		{9F1D7703-54AD-45C5-8B9A-2C7E615DEBCB}.Ad-Hoc|x86.Deploy.0 = Release|x86
		{9F1D7703-54AD-45C5-8B9A-2C7E615DEBCB}.AppStore|Any CPU.ActiveCfg = Release|x86
		{9F1D7703-54AD-45C5-8B9A-2C7E615DEBCB}.AppStore|Any CPU.Build.0 = Release|x86
		{9F1D7703-54AD-45C5-8B9A-2C7E615DEBCB}.AppStore|Any CPU.Deploy.0 = Release|x86
		{9F1D7703-54AD-45C5-8B9A-2C7E615DEBCB}.AppStore|ARM.ActiveCfg = Release|ARM
		{9F1D7703-54AD-45C5-8B9A-2C7E615DEBCB}.AppStore|ARM.Build.0 = Release|ARM
		{9F1D7703-54AD-45C5-8B9A-2C7E615DEBCB}.AppStore|ARM.Deploy.0 = Release|ARM
		{9F1D7703-54AD-45C5-8B9A-2C7E615DEBCB}.AppStore|iPhone.ActiveCfg = Release|x86
		{9F1D7703-54AD-45C5-8B9A-2C7E615DEBCB}.AppStore|iPhone.Build.0 = Release|x86
		{9F1D7703-54AD-45C5-8B9A-2C7E615DEBCB}.AppStore|iPhone.Deploy.0 = Release|x86
		{9F1D7703-54AD-45C5-8B9A-2C7E615DEBCB}.AppStore|iPhoneSimulator.ActiveCfg = Release|x86
		{9F1D7703-54AD-45C5-8B9A-2C7E615DEBCB}.AppStore|iPhoneSimulator.Build.0 = Release|x86
		{9F1D7703-54AD-45C5-8B9A-2C7E615DEBCB}.AppStore|iPhoneSimulator.Deploy.0 = Release|x86
		{9F1D7703-54AD-45C5-8B9A-2C7E615DEBCB}.AppStore|x64.ActiveCfg = Release|x64
		{9F1D7703-54AD-45C5-8B9A-2C7E615DEBCB}.AppStore|x64.Build.0 = Release|x64
		{9F1D7703-54AD-45C5-8B9A-2C7E615DEBCB}.AppStore|x64.Deploy.0 = Release|x64
		{9F1D7703-54AD-45C5-8B9A-2C7E615DEBCB}.AppStore|x86.ActiveCfg = Release|x86
		{9F1D7703-54AD-45C5-8B9A-2C7E615DEBCB}.AppStore|x86.Build.0 = Release|x86
		{9F1D7703-54AD-45C5-8B9A-2C7E615DEBCB}.AppStore|x86.Deploy.0 = Release|x86
		{9F1D7703-54AD-45C5-8B9A-2C7E615DEBCB}.Debug|Any CPU.ActiveCfg = Debug|x86
		{9F1D7703-54AD-45C5-8B9A-2C7E615DEBCB}.Debug|ARM.ActiveCfg = Debug|ARM
		{9F1D7703-54AD-45C5-8B9A-2C7E615DEBCB}.Debug|ARM.Build.0 = Debug|ARM
		{9F1D7703-54AD-45C5-8B9A-2C7E615DEBCB}.Debug|ARM.Deploy.0 = Debug|ARM
		{9F1D7703-54AD-45C5-8B9A-2C7E615DEBCB}.Debug|iPhone.ActiveCfg = Debug|x86
		{9F1D7703-54AD-45C5-8B9A-2C7E615DEBCB}.Debug|iPhoneSimulator.ActiveCfg = Debug|x86
		{9F1D7703-54AD-45C5-8B9A-2C7E615DEBCB}.Debug|x64.ActiveCfg = Debug|x64
		{9F1D7703-54AD-45C5-8B9A-2C7E615DEBCB}.Debug|x64.Build.0 = Debug|x64
		{9F1D7703-54AD-45C5-8B9A-2C7E615DEBCB}.Debug|x64.Deploy.0 = Debug|x64
		{9F1D7703-54AD-45C5-8B9A-2C7E615DEBCB}.Debug|x86.ActiveCfg = Debug|x86
		{9F1D7703-54AD-45C5-8B9A-2C7E615DEBCB}.Debug|x86.Build.0 = Debug|x86
		{9F1D7703-54AD-45C5-8B9A-2C7E615DEBCB}.Debug|x86.Deploy.0 = Debug|x86
		{9F1D7703-54AD-45C5-8B9A-2C7E615DEBCB}.Release|Any CPU.ActiveCfg = Release|x86
		{9F1D7703-54AD-45C5-8B9A-2C7E615DEBCB}.Release|ARM.ActiveCfg = Release|ARM
		{9F1D7703-54AD-45C5-8B9A-2C7E615DEBCB}.Release|ARM.Build.0 = Release|ARM
		{9F1D7703-54AD-45C5-8B9A-2C7E615DEBCB}.Release|ARM.Deploy.0 = Release|ARM
		{9F1D7703-54AD-45C5-8B9A-2C7E615DEBCB}.Release|iPhone.ActiveCfg = Release|x86
		{9F1D7703-54AD-45C5-8B9A-2C7E615DEBCB}.Release|iPhoneSimulator.ActiveCfg = Release|x86
		{9F1D7703-54AD-45C5-8B9A-2C7E615DEBCB}.Release|x64.ActiveCfg = Release|x64
		{9F1D7703-54AD-45C5-8B9A-2C7E615DEBCB}.Release|x64.Build.0 = Release|x64
		{9F1D7703-54AD-45C5-8B9A-2C7E615DEBCB}.Release|x64.Deploy.0 = Release|x64
		{9F1D7703-54AD-45C5-8B9A-2C7E615DEBCB}.Release|x86.ActiveCfg = Release|x86
		{9F1D7703-54AD-45C5-8B9A-2C7E615DEBCB}.Release|x86.Build.0 = Release|x86
		{9F1D7703-54AD-45C5-8B9A-2C7E615DEBCB}.Release|x86.Deploy.0 = Release|x86
		{A0DFCB41-6474-4C42-9D6D-80EDD3ACAB4B}.Ad-Hoc|Any CPU.ActiveCfg = Release|Any CPU
		{A0DFCB41-6474-4C42-9D6D-80EDD3ACAB4B}.Ad-Hoc|Any CPU.Build.0 = Release|Any CPU
		{A0DFCB41-6474-4C42-9D6D-80EDD3ACAB4B}.Ad-Hoc|Any CPU.Deploy.0 = Release|Any CPU
		{A0DFCB41-6474-4C42-9D6D-80EDD3ACAB4B}.Ad-Hoc|ARM.ActiveCfg = Release|ARM
		{A0DFCB41-6474-4C42-9D6D-80EDD3ACAB4B}.Ad-Hoc|ARM.Build.0 = Release|ARM
		{A0DFCB41-6474-4C42-9D6D-80EDD3ACAB4B}.Ad-Hoc|ARM.Deploy.0 = Release|ARM
		{A0DFCB41-6474-4C42-9D6D-80EDD3ACAB4B}.Ad-Hoc|iPhone.ActiveCfg = Release|Any CPU
		{A0DFCB41-6474-4C42-9D6D-80EDD3ACAB4B}.Ad-Hoc|iPhone.Build.0 = Release|Any CPU
		{A0DFCB41-6474-4C42-9D6D-80EDD3ACAB4B}.Ad-Hoc|iPhone.Deploy.0 = Release|Any CPU
		{A0DFCB41-6474-4C42-9D6D-80EDD3ACAB4B}.Ad-Hoc|iPhoneSimulator.ActiveCfg = Release|Any CPU
		{A0DFCB41-6474-4C42-9D6D-80EDD3ACAB4B}.Ad-Hoc|iPhoneSimulator.Build.0 = Release|Any CPU
		{A0DFCB41-6474-4C42-9D6D-80EDD3ACAB4B}.Ad-Hoc|iPhoneSimulator.Deploy.0 = Release|Any CPU
		{A0DFCB41-6474-4C42-9D6D-80EDD3ACAB4B}.Ad-Hoc|x64.ActiveCfg = Release|x64
		{A0DFCB41-6474-4C42-9D6D-80EDD3ACAB4B}.Ad-Hoc|x64.Build.0 = Release|x64
		{A0DFCB41-6474-4C42-9D6D-80EDD3ACAB4B}.Ad-Hoc|x64.Deploy.0 = Release|x64
		{A0DFCB41-6474-4C42-9D6D-80EDD3ACAB4B}.Ad-Hoc|x86.ActiveCfg = Release|x86
		{A0DFCB41-6474-4C42-9D6D-80EDD3ACAB4B}.Ad-Hoc|x86.Build.0 = Release|x86
		{A0DFCB41-6474-4C42-9D6D-80EDD3ACAB4B}.Ad-Hoc|x86.Deploy.0 = Release|x86
		{A0DFCB41-6474-4C42-9D6D-80EDD3ACAB4B}.AppStore|Any CPU.ActiveCfg = Release|Any CPU
		{A0DFCB41-6474-4C42-9D6D-80EDD3ACAB4B}.AppStore|Any CPU.Build.0 = Release|Any CPU
		{A0DFCB41-6474-4C42-9D6D-80EDD3ACAB4B}.AppStore|Any CPU.Deploy.0 = Release|Any CPU
		{A0DFCB41-6474-4C42-9D6D-80EDD3ACAB4B}.AppStore|ARM.ActiveCfg = Release|ARM
		{A0DFCB41-6474-4C42-9D6D-80EDD3ACAB4B}.AppStore|ARM.Build.0 = Release|ARM
		{A0DFCB41-6474-4C42-9D6D-80EDD3ACAB4B}.AppStore|ARM.Deploy.0 = Release|ARM
		{A0DFCB41-6474-4C42-9D6D-80EDD3ACAB4B}.AppStore|iPhone.ActiveCfg = Release|Any CPU
		{A0DFCB41-6474-4C42-9D6D-80EDD3ACAB4B}.AppStore|iPhone.Build.0 = Release|Any CPU
		{A0DFCB41-6474-4C42-9D6D-80EDD3ACAB4B}.AppStore|iPhone.Deploy.0 = Release|Any CPU
		{A0DFCB41-6474-4C42-9D6D-80EDD3ACAB4B}.AppStore|iPhoneSimulator.ActiveCfg = Release|Any CPU
		{A0DFCB41-6474-4C42-9D6D-80EDD3ACAB4B}.AppStore|iPhoneSimulator.Build.0 = Release|Any CPU
		{A0DFCB41-6474-4C42-9D6D-80EDD3ACAB4B}.AppStore|iPhoneSimulator.Deploy.0 = Release|Any CPU
		{A0DFCB41-6474-4C42-9D6D-80EDD3ACAB4B}.AppStore|x64.ActiveCfg = Release|x64
		{A0DFCB41-6474-4C42-9D6D-80EDD3ACAB4B}.AppStore|x64.Build.0 = Release|x64
		{A0DFCB41-6474-4C42-9D6D-80EDD3ACAB4B}.AppStore|x64.Deploy.0 = Release|x64
		{A0DFCB41-6474-4C42-9D6D-80EDD3ACAB4B}.AppStore|x86.ActiveCfg = Release|x86
		{A0DFCB41-6474-4C42-9D6D-80EDD3ACAB4B}.AppStore|x86.Build.0 = Release|x86
		{A0DFCB41-6474-4C42-9D6D-80EDD3ACAB4B}.AppStore|x86.Deploy.0 = Release|x86
		{A0DFCB41-6474-4C42-9D6D-80EDD3ACAB4B}.Debug|Any CPU.ActiveCfg = Debug|Any CPU
		{A0DFCB41-6474-4C42-9D6D-80EDD3ACAB4B}.Debug|Any CPU.Build.0 = Debug|Any CPU
		{A0DFCB41-6474-4C42-9D6D-80EDD3ACAB4B}.Debug|Any CPU.Deploy.0 = Debug|Any CPU
		{A0DFCB41-6474-4C42-9D6D-80EDD3ACAB4B}.Debug|ARM.ActiveCfg = Debug|ARM
		{A0DFCB41-6474-4C42-9D6D-80EDD3ACAB4B}.Debug|ARM.Build.0 = Debug|ARM
		{A0DFCB41-6474-4C42-9D6D-80EDD3ACAB4B}.Debug|ARM.Deploy.0 = Debug|ARM
		{A0DFCB41-6474-4C42-9D6D-80EDD3ACAB4B}.Debug|iPhone.ActiveCfg = Debug|Any CPU
		{A0DFCB41-6474-4C42-9D6D-80EDD3ACAB4B}.Debug|iPhone.Build.0 = Debug|Any CPU
		{A0DFCB41-6474-4C42-9D6D-80EDD3ACAB4B}.Debug|iPhone.Deploy.0 = Debug|Any CPU
		{A0DFCB41-6474-4C42-9D6D-80EDD3ACAB4B}.Debug|iPhoneSimulator.ActiveCfg = Debug|Any CPU
		{A0DFCB41-6474-4C42-9D6D-80EDD3ACAB4B}.Debug|iPhoneSimulator.Build.0 = Debug|Any CPU
		{A0DFCB41-6474-4C42-9D6D-80EDD3ACAB4B}.Debug|iPhoneSimulator.Deploy.0 = Debug|Any CPU
		{A0DFCB41-6474-4C42-9D6D-80EDD3ACAB4B}.Debug|x64.ActiveCfg = Debug|x64
		{A0DFCB41-6474-4C42-9D6D-80EDD3ACAB4B}.Debug|x64.Build.0 = Debug|x64
		{A0DFCB41-6474-4C42-9D6D-80EDD3ACAB4B}.Debug|x64.Deploy.0 = Debug|x64
		{A0DFCB41-6474-4C42-9D6D-80EDD3ACAB4B}.Debug|x86.ActiveCfg = Debug|x86
		{A0DFCB41-6474-4C42-9D6D-80EDD3ACAB4B}.Debug|x86.Build.0 = Debug|x86
		{A0DFCB41-6474-4C42-9D6D-80EDD3ACAB4B}.Debug|x86.Deploy.0 = Debug|x86
		{A0DFCB41-6474-4C42-9D6D-80EDD3ACAB4B}.Release|Any CPU.ActiveCfg = Release|Any CPU
		{A0DFCB41-6474-4C42-9D6D-80EDD3ACAB4B}.Release|Any CPU.Build.0 = Release|Any CPU
		{A0DFCB41-6474-4C42-9D6D-80EDD3ACAB4B}.Release|Any CPU.Deploy.0 = Release|Any CPU
		{A0DFCB41-6474-4C42-9D6D-80EDD3ACAB4B}.Release|ARM.ActiveCfg = Release|ARM
		{A0DFCB41-6474-4C42-9D6D-80EDD3ACAB4B}.Release|ARM.Build.0 = Release|ARM
		{A0DFCB41-6474-4C42-9D6D-80EDD3ACAB4B}.Release|ARM.Deploy.0 = Release|ARM
		{A0DFCB41-6474-4C42-9D6D-80EDD3ACAB4B}.Release|iPhone.ActiveCfg = Release|Any CPU
		{A0DFCB41-6474-4C42-9D6D-80EDD3ACAB4B}.Release|iPhone.Build.0 = Release|Any CPU
		{A0DFCB41-6474-4C42-9D6D-80EDD3ACAB4B}.Release|iPhone.Deploy.0 = Release|Any CPU
		{A0DFCB41-6474-4C42-9D6D-80EDD3ACAB4B}.Release|iPhoneSimulator.ActiveCfg = Release|Any CPU
		{A0DFCB41-6474-4C42-9D6D-80EDD3ACAB4B}.Release|iPhoneSimulator.Build.0 = Release|Any CPU
		{A0DFCB41-6474-4C42-9D6D-80EDD3ACAB4B}.Release|iPhoneSimulator.Deploy.0 = Release|Any CPU
		{A0DFCB41-6474-4C42-9D6D-80EDD3ACAB4B}.Release|x64.ActiveCfg = Release|x64
		{A0DFCB41-6474-4C42-9D6D-80EDD3ACAB4B}.Release|x64.Build.0 = Release|x64
		{A0DFCB41-6474-4C42-9D6D-80EDD3ACAB4B}.Release|x64.Deploy.0 = Release|x64
		{A0DFCB41-6474-4C42-9D6D-80EDD3ACAB4B}.Release|x86.ActiveCfg = Release|x86
		{A0DFCB41-6474-4C42-9D6D-80EDD3ACAB4B}.Release|x86.Build.0 = Release|x86
		{A0DFCB41-6474-4C42-9D6D-80EDD3ACAB4B}.Release|x86.Deploy.0 = Release|x86
		{3F5D2FDA-111C-4216-A131-72A9A03FACCC}.Ad-Hoc|Any CPU.ActiveCfg = Release|Any CPU
		{3F5D2FDA-111C-4216-A131-72A9A03FACCC}.Ad-Hoc|Any CPU.Build.0 = Release|Any CPU
		{3F5D2FDA-111C-4216-A131-72A9A03FACCC}.Ad-Hoc|ARM.ActiveCfg = Release|Any CPU
		{3F5D2FDA-111C-4216-A131-72A9A03FACCC}.Ad-Hoc|ARM.Build.0 = Release|Any CPU
		{3F5D2FDA-111C-4216-A131-72A9A03FACCC}.Ad-Hoc|iPhone.ActiveCfg = Release|Any CPU
		{3F5D2FDA-111C-4216-A131-72A9A03FACCC}.Ad-Hoc|iPhone.Build.0 = Release|Any CPU
		{3F5D2FDA-111C-4216-A131-72A9A03FACCC}.Ad-Hoc|iPhoneSimulator.ActiveCfg = Release|Any CPU
		{3F5D2FDA-111C-4216-A131-72A9A03FACCC}.Ad-Hoc|iPhoneSimulator.Build.0 = Release|Any CPU
		{3F5D2FDA-111C-4216-A131-72A9A03FACCC}.Ad-Hoc|x64.ActiveCfg = Release|Any CPU
		{3F5D2FDA-111C-4216-A131-72A9A03FACCC}.Ad-Hoc|x64.Build.0 = Release|Any CPU
		{3F5D2FDA-111C-4216-A131-72A9A03FACCC}.Ad-Hoc|x86.ActiveCfg = Release|Any CPU
		{3F5D2FDA-111C-4216-A131-72A9A03FACCC}.Ad-Hoc|x86.Build.0 = Release|Any CPU
		{3F5D2FDA-111C-4216-A131-72A9A03FACCC}.AppStore|Any CPU.ActiveCfg = Release|Any CPU
		{3F5D2FDA-111C-4216-A131-72A9A03FACCC}.AppStore|Any CPU.Build.0 = Release|Any CPU
		{3F5D2FDA-111C-4216-A131-72A9A03FACCC}.AppStore|ARM.ActiveCfg = Release|Any CPU
		{3F5D2FDA-111C-4216-A131-72A9A03FACCC}.AppStore|ARM.Build.0 = Release|Any CPU
		{3F5D2FDA-111C-4216-A131-72A9A03FACCC}.AppStore|iPhone.ActiveCfg = Release|Any CPU
		{3F5D2FDA-111C-4216-A131-72A9A03FACCC}.AppStore|iPhone.Build.0 = Release|Any CPU
		{3F5D2FDA-111C-4216-A131-72A9A03FACCC}.AppStore|iPhoneSimulator.ActiveCfg = Release|Any CPU
		{3F5D2FDA-111C-4216-A131-72A9A03FACCC}.AppStore|iPhoneSimulator.Build.0 = Release|Any CPU
		{3F5D2FDA-111C-4216-A131-72A9A03FACCC}.AppStore|x64.ActiveCfg = Release|Any CPU
		{3F5D2FDA-111C-4216-A131-72A9A03FACCC}.AppStore|x64.Build.0 = Release|Any CPU
		{3F5D2FDA-111C-4216-A131-72A9A03FACCC}.AppStore|x86.ActiveCfg = Release|Any CPU
		{3F5D2FDA-111C-4216-A131-72A9A03FACCC}.AppStore|x86.Build.0 = Release|Any CPU
		{3F5D2FDA-111C-4216-A131-72A9A03FACCC}.Debug|Any CPU.ActiveCfg = Debug|Any CPU
		{3F5D2FDA-111C-4216-A131-72A9A03FACCC}.Debug|Any CPU.Build.0 = Debug|Any CPU
		{3F5D2FDA-111C-4216-A131-72A9A03FACCC}.Debug|ARM.ActiveCfg = Debug|Any CPU
		{3F5D2FDA-111C-4216-A131-72A9A03FACCC}.Debug|ARM.Build.0 = Debug|Any CPU
		{3F5D2FDA-111C-4216-A131-72A9A03FACCC}.Debug|iPhone.ActiveCfg = Debug|Any CPU
		{3F5D2FDA-111C-4216-A131-72A9A03FACCC}.Debug|iPhone.Build.0 = Debug|Any CPU
		{3F5D2FDA-111C-4216-A131-72A9A03FACCC}.Debug|iPhoneSimulator.ActiveCfg = Debug|Any CPU
		{3F5D2FDA-111C-4216-A131-72A9A03FACCC}.Debug|iPhoneSimulator.Build.0 = Debug|Any CPU
		{3F5D2FDA-111C-4216-A131-72A9A03FACCC}.Debug|x64.ActiveCfg = Debug|Any CPU
		{3F5D2FDA-111C-4216-A131-72A9A03FACCC}.Debug|x64.Build.0 = Debug|Any CPU
		{3F5D2FDA-111C-4216-A131-72A9A03FACCC}.Debug|x86.ActiveCfg = Debug|Any CPU
		{3F5D2FDA-111C-4216-A131-72A9A03FACCC}.Debug|x86.Build.0 = Debug|Any CPU
		{3F5D2FDA-111C-4216-A131-72A9A03FACCC}.Release|Any CPU.ActiveCfg = Release|Any CPU
		{3F5D2FDA-111C-4216-A131-72A9A03FACCC}.Release|Any CPU.Build.0 = Release|Any CPU
		{3F5D2FDA-111C-4216-A131-72A9A03FACCC}.Release|ARM.ActiveCfg = Release|Any CPU
		{3F5D2FDA-111C-4216-A131-72A9A03FACCC}.Release|ARM.Build.0 = Release|Any CPU
		{3F5D2FDA-111C-4216-A131-72A9A03FACCC}.Release|iPhone.ActiveCfg = Release|Any CPU
		{3F5D2FDA-111C-4216-A131-72A9A03FACCC}.Release|iPhone.Build.0 = Release|Any CPU
		{3F5D2FDA-111C-4216-A131-72A9A03FACCC}.Release|iPhoneSimulator.ActiveCfg = Release|Any CPU
		{3F5D2FDA-111C-4216-A131-72A9A03FACCC}.Release|iPhoneSimulator.Build.0 = Release|Any CPU
		{3F5D2FDA-111C-4216-A131-72A9A03FACCC}.Release|x64.ActiveCfg = Release|Any CPU
		{3F5D2FDA-111C-4216-A131-72A9A03FACCC}.Release|x64.Build.0 = Release|Any CPU
		{3F5D2FDA-111C-4216-A131-72A9A03FACCC}.Release|x86.ActiveCfg = Release|Any CPU
		{3F5D2FDA-111C-4216-A131-72A9A03FACCC}.Release|x86.Build.0 = Release|Any CPU
	EndGlobalSection
	GlobalSection(SolutionProperties) = preSolution
		HideSolutionNode = FALSE
	EndGlobalSection
EndGlobal
